
Microsoft Visual Studio Solution File, Format Version 12.00
# Visual Studio 15
VisualStudioVersion = 15.0.27428.1
MinimumVisualStudioVersion = 10.0.40219.1
Project("{9A19103F-16F7-4668-BE54-9A1E7A4F7556}") = "TestWebApplication", "TestWebApplication\TestWebApplication.csproj", "{8FCA09B9-F912-44CD-B837-0A318A15B860}"
EndProject
Project("{9A19103F-16F7-4668-BE54-9A1E7A4F7556}") = "Data", "Data\Data.csproj", "{32990F0A-0481-483E-9625-EEF29C48F8D5}"
EndProject
Global
	GlobalSection(SolutionConfigurationPlatforms) = preSolution
		Debug|Any CPU = Debug|Any CPU
		Release|Any CPU = Release|Any CPU
	EndGlobalSection
	GlobalSection(ProjectConfigurationPlatforms) = postSolution
		{8FCA09B9-F912-44CD-B837-0A318A15B860}.Debug|Any CPU.ActiveCfg = Debug|Any CPU
		{8FCA09B9-F912-44CD-B837-0A318A15B860}.Debug|Any CPU.Build.0 = Debug|Any CPU
		{8FCA09B9-F912-44CD-B837-0A318A15B860}.Release|Any CPU.ActiveCfg = Release|Any CPU
		{8FCA09B9-F912-44CD-B837-0A318A15B860}.Release|Any CPU.Build.0 = Release|Any CPU
		{32990F0A-0481-483E-9625-EEF29C48F8D5}.Debug|Any CPU.ActiveCfg = Debug|Any CPU
		{32990F0A-0481-483E-9625-EEF29C48F8D5}.Debug|Any CPU.Build.0 = Debug|Any CPU
		{32990F0A-0481-483E-9625-EEF29C48F8D5}.Release|Any CPU.ActiveCfg = Release|Any CPU
		{32990F0A-0481-483E-9625-EEF29C48F8D5}.Release|Any CPU.Build.0 = Release|Any CPU
	EndGlobalSection
	GlobalSection(SolutionProperties) = preSolution
		HideSolutionNode = FALSE
	EndGlobalSection
	GlobalSection(ExtensibilityGlobals) = postSolution
		SolutionGuid = {EFD2F97C-A9E4-4D8A-87A2-FECE5333A4AF}
	EndGlobalSection
EndGlobal
